
Microsoft Visual Studio Solution File, Format Version 12.00
# Visual Studio Version 16
VisualStudioVersion = 16.0.32929.386
MinimumVisualStudioVersion = 10.0.40219.1
Project("{FAE04EC0-301F-11D3-BF4B-00C04F79EFBC}") = "TestedeDados", "TestedeDados\TestedeDados.csproj", "{061C312B-56FE-4F5D-AF12-D7E28FA51503}"
EndProject
Global
	GlobalSection(SolutionConfigurationPlatforms) = preSolution
		Debug|Any CPU = Debug|Any CPU
		Release|Any CPU = Release|Any CPU
	EndGlobalSection
	GlobalSection(ProjectConfigurationPlatforms) = postSolution
		{061C312B-56FE-4F5D-AF12-D7E28FA51503}.Debug|Any CPU.ActiveCfg = Debug|Any CPU
		{061C312B-56FE-4F5D-AF12-D7E28FA51503}.Debug|Any CPU.Build.0 = Debug|Any CPU
		{061C312B-56FE-4F5D-AF12-D7E28FA51503}.Release|Any CPU.ActiveCfg = Release|Any CPU
		{061C312B-56FE-4F5D-AF12-D7E28FA51503}.Release|Any CPU.Build.0 = Release|Any CPU
	EndGlobalSection
	GlobalSection(SolutionProperties) = preSolution
		HideSolutionNode = FALSE
	EndGlobalSection
	GlobalSection(ExtensibilityGlobals) = postSolution
		SolutionGuid = {F73EA500-6FAD-4AAB-B805-226395F83E24}
	EndGlobalSection
EndGlobal
